// !$*UTF8*$!
{
	archiveVersion = 1;
	classes = {
	};
	objectVersion = 46;
	objects = {

/* Begin PBXBuildFile section */
		1F3BA1AD1C24B91800F05128 /* AppDelegate.swift in Sources */ = {isa = PBXBuildFile; fileRef = 1F3BA1AC1C24B91800F05128 /* AppDelegate.swift */; };
		1F3BA1AF1C24B91800F05128 /* ViewController.swift in Sources */ = {isa = PBXBuildFile; fileRef = 1F3BA1AE1C24B91800F05128 /* ViewController.swift */; };
		1F3BA1B21C24B91800F05128 /* Main.storyboard in Resources */ = {isa = PBXBuildFile; fileRef = 1F3BA1B01C24B91800F05128 /* Main.storyboard */; };
		1F3BA1B41C24B91800F05128 /* Assets.xcassets in Resources */ = {isa = PBXBuildFile; fileRef = 1F3BA1B31C24B91800F05128 /* Assets.xcassets */; };
		1F3BA1B71C24B91800F05128 /* LaunchScreen.storyboard in Resources */ = {isa = PBXBuildFile; fileRef = 1F3BA1B51C24B91800F05128 /* LaunchScreen.storyboard */; };
		1FD764941C258CE4003EF21D /* FEQRScanViewController.swift in Sources */ = {isa = PBXBuildFile; fileRef = 1FD764931C258CE4003EF21D /* FEQRScanViewController.swift */; };
		1FD764961C258CF3003EF21D /* FEQRScanViewController.xib in Resources */ = {isa = PBXBuildFile; fileRef = 1FD764951C258CF3003EF21D /* FEQRScanViewController.xib */; };
		1FD764981C258D1B003EF21D /* AVFoundation.framework in Frameworks */ = {isa = PBXBuildFile; fileRef = 1FD764971C258D1B003EF21D /* AVFoundation.framework */; };
/* End PBXBuildFile section */

/* Begin PBXFileReference section */
		1F3BA1A91C24B91800F05128 /* FEQRScanViewController-Demo.app */ = {isa = PBXFileReference; explicitFileType = wrapper.application; includeInIndex = 0; path = "FEQRScanViewController-Demo.app"; sourceTree = BUILT_PRODUCTS_DIR; };
		1F3BA1AC1C24B91800F05128 /* AppDelegate.swift */ = {isa = PBXFileReference; lastKnownFileType = sourcecode.swift; path = AppDelegate.swift; sourceTree = "<group>"; };
		1F3BA1AE1C24B91800F05128 /* ViewController.swift */ = {isa = PBXFileReference; lastKnownFileType = sourcecode.swift; path = ViewController.swift; sourceTree = "<group>"; };
		1F3BA1B11C24B91800F05128 /* Base */ = {isa = PBXFileReference; lastKnownFileType = file.storyboard; name = Base; path = Base.lproj/Main.storyboard; sourceTree = "<group>"; };
		1F3BA1B31C24B91800F05128 /* Assets.xcassets */ = {isa = PBXFileReference; lastKnownFileType = folder.assetcatalog; path = Assets.xcassets; sourceTree = "<group>"; };
		1F3BA1B61C24B91800F05128 /* Base */ = {isa = PBXFileReference; lastKnownFileType = file.storyboard; name = Base; path = Base.lproj/LaunchScreen.storyboard; sourceTree = "<group>"; };
		1F3BA1B81C24B91800F05128 /* Info.plist */ = {isa = PBXFileReference; lastKnownFileType = text.plist.xml; path = Info.plist; sourceTree = "<group>"; };
		1FD764931C258CE4003EF21D /* FEQRScanViewController.swift */ = {isa = PBXFileReference; fileEncoding = 4; lastKnownFileType = sourcecode.swift; name = FEQRScanViewController.swift; path = FEQRScanViewController/FEQRScanViewController.swift; sourceTree = SOURCE_ROOT; };
		1FD764951C258CF3003EF21D /* FEQRScanViewController.xib */ = {isa = PBXFileReference; fileEncoding = 4; lastKnownFileType = file.xib; name = FEQRScanViewController.xib; path = FEQRScanViewController/FEQRScanViewController.xib; sourceTree = SOURCE_ROOT; };
		1FD764971C258D1B003EF21D /* AVFoundation.framework */ = {isa = PBXFileReference; lastKnownFileType = wrapper.framework; name = AVFoundation.framework; path = System/Library/Frameworks/AVFoundation.framework; sourceTree = SDKROOT; };
/* End PBXFileReference section */

/* Begin PBXFrameworksBuildPhase section */
		1F3BA1A61C24B91800F05128 /* Frameworks */ = {
			isa = PBXFrameworksBuildPhase;
			buildActionMask = 2147483647;
			files = (
				1FD764981C258D1B003EF21D /* AVFoundation.framework in Frameworks */,
			);
			runOnlyForDeploymentPostprocessing = 0;
		};
/* End PBXFrameworksBuildPhase section */

/* Begin PBXGroup section */
		1F3BA1A01C24B91800F05128 = {
			isa = PBXGroup;
			children = (
				1FD764991C258DD6003EF21D /* Frameworks */,
				1F3BA1AB1C24B91800F05128 /* FEQRScanViewController-Demo */,
				1F3BA1AA1C24B91800F05128 /* Products */,
			);
			sourceTree = "<group>";
		};
		1F3BA1AA1C24B91800F05128 /* Products */ = {
			isa = PBXGroup;
			children = (
				1F3BA1A91C24B91800F05128 /* FEQRScanViewController-Demo.app */,
			);
			name = Products;
			sourceTree = "<group>";
		};
		1F3BA1AB1C24B91800F05128 /* FEQRScanViewController-Demo */ = {
			isa = PBXGroup;
			children = (
				1F3BA1AC1C24B91800F05128 /* AppDelegate.swift */,
				1F3BA1AE1C24B91800F05128 /* ViewController.swift */,
				1FD764921C258C80003EF21D /* FEQRScanViewController */,
				1F3BA1B01C24B91800F05128 /* Main.storyboard */,
				1F3BA1B31C24B91800F05128 /* Assets.xcassets */,
				1F3BA1B51C24B91800F05128 /* LaunchScreen.storyboard */,
				1F3BA1B81C24B91800F05128 /* Info.plist */,
			);
			path = "FEQRScanViewController-Demo";
			sourceTree = "<group>";
		};
		1FD764921C258C80003EF21D /* FEQRScanViewController */ = {
			isa = PBXGroup;
			children = (
				1FD764931C258CE4003EF21D /* FEQRScanViewController.swift */,
				1FD764951C258CF3003EF21D /* FEQRScanViewController.xib */,
			);
			name = FEQRScanViewController;
			sourceTree = "<group>";
		};
		1FD764991C258DD6003EF21D /* Frameworks */ = {
			isa = PBXGroup;
			children = (
				1FD764971C258D1B003EF21D /* AVFoundation.framework */,
			);
			name = Frameworks;
			sourceTree = "<group>";
		};
/* End PBXGroup section */

/* Begin PBXNativeTarget section */
		1F3BA1A81C24B91800F05128 /* FEQRScanViewController-Demo */ = {
			isa = PBXNativeTarget;
			buildConfigurationList = 1F3BA1BB1C24B91800F05128 /* Build configuration list for PBXNativeTarget "FEQRScanViewController-Demo" */;
			buildPhases = (
				1F3BA1A51C24B91800F05128 /* Sources */,
				1F3BA1A61C24B91800F05128 /* Frameworks */,
				1F3BA1A71C24B91800F05128 /* Resources */,
			);
			buildRules = (
			);
			dependencies = (
			);
			name = "FEQRScanViewController-Demo";
			productName = "FEQRScanViewController-Demo";
			productReference = 1F3BA1A91C24B91800F05128 /* FEQRScanViewController-Demo.app */;
			productType = "com.apple.product-type.application";
		};
/* End PBXNativeTarget section */

/* Begin PBXProject section */
		1F3BA1A11C24B91800F05128 /* Project object */ = {
			isa = PBXProject;
			attributes = {
				LastSwiftUpdateCheck = 0720;
				LastUpgradeCheck = 0720;
				ORGANIZATIONNAME = "Fabian Ehlert";
				TargetAttributes = {
					1F3BA1A81C24B91800F05128 = {
						CreatedOnToolsVersion = 7.2;
					};
				};
			};
			buildConfigurationList = 1F3BA1A41C24B91800F05128 /* Build configuration list for PBXProject "FEQRScanViewController-Demo" */;
			compatibilityVersion = "Xcode 3.2";
			developmentRegion = English;
			hasScannedForEncodings = 0;
			knownRegions = (
				en,
				Base,
			);
			mainGroup = 1F3BA1A01C24B91800F05128;
			productRefGroup = 1F3BA1AA1C24B91800F05128 /* Products */;
			projectDirPath = "";
			projectRoot = "";
			targets = (
				1F3BA1A81C24B91800F05128 /* FEQRScanViewController-Demo */,
			);
		};
/* End PBXProject section */

/* Begin PBXResourcesBuildPhase section */
		1F3BA1A71C24B91800F05128 /* Resources */ = {
			isa = PBXResourcesBuildPhase;
			buildActionMask = 2147483647;
			files = (
				1F3BA1B71C24B91800F05128 /* LaunchScreen.storyboard in Resources */,
				1FD764961C258CF3003EF21D /* FEQRScanViewController.xib in Resources */,
				1F3BA1B41C24B91800F05128 /* Assets.xcassets in Resources */,
				1F3BA1B21C24B91800F05128 /* Main.storyboard in Resources */,
			);
			runOnlyForDeploymentPostprocessing = 0;
		};
/* End PBXResourcesBuildPhase section */

/* Begin PBXSourcesBuildPhase section */
		1F3BA1A51C24B91800F05128 /* Sources */ = {
			isa = PBXSourcesBuildPhase;
			buildActionMask = 2147483647;
			files = (
				1FD764941C258CE4003EF21D /* FEQRScanViewController.swift in Sources */,
				1F3BA1AF1C24B91800F05128 /* ViewController.swift in Sources */,
				1F3BA1AD1C24B91800F05128 /* AppDelegate.swift in Sources */,
			);
			runOnlyForDeploymentPostprocessing = 0;
		};
/* End PBXSourcesBuildPhase section */

/* Begin PBXVariantGroup section */
		1F3BA1B01C24B91800F05128 /* Main.storyboard */ = {
			isa = PBXVariantGroup;
			children = (
				1F3BA1B11C24B91800F05128 /* Base */,
			);
			name = Main.storyboard;
			sourceTree = "<group>";
		};
		1F3BA1B51C24B91800F05128 /* LaunchScreen.storyboard */ = {
			isa = PBXVariantGroup;
			children = (
				1F3BA1B61C24B91800F05128 /* Base */,
			);
			name = LaunchScreen.storyboard;
			sourceTree = "<group>";
		};
/* End PBXVariantGroup section */

/* Begin XCBuildConfiguration section */
		1F3BA1B91C24B91800F05128 /* Debug */ = {
			isa = XCBuildConfiguration;
			buildSettings = {
				ALWAYS_SEARCH_USER_PATHS = NO;
				CLANG_CXX_LANGUAGE_STANDARD = "gnu++0x";
				CLANG_CXX_LIBRARY = "libc++";
				CLANG_ENABLE_MODULES = YES;
				CLANG_ENABLE_OBJC_ARC = YES;
				CLANG_WARN_BOOL_CONVERSION = YES;
				CLANG_WARN_CONSTANT_CONVERSION = YES;
				CLANG_WARN_DIRECT_OBJC_ISA_USAGE = YES_ERROR;
				CLANG_WARN_EMPTY_BODY = YES;
				CLANG_WARN_ENUM_CONVERSION = YES;
				CLANG_WARN_INT_CONVERSION = YES;
				CLANG_WARN_OBJC_ROOT_CLASS = YES_ERROR;
				CLANG_WARN_UNREACHABLE_CODE = YES;
				CLANG_WARN__DUPLICATE_METHOD_MATCH = YES;
				"CODE_SIGN_IDENTITY[sdk=iphoneos*]" = "iPhone Developer";
				COPY_PHASE_STRIP = NO;
				DEBUG_INFORMATION_FORMAT = dwarf;
				ENABLE_STRICT_OBJC_MSGSEND = YES;
				ENABLE_TESTABILITY = YES;
				GCC_C_LANGUAGE_STANDARD = gnu99;
				GCC_DYNAMIC_NO_PIC = NO;
				GCC_NO_COMMON_BLOCKS = YES;
				GCC_OPTIMIZATION_LEVEL = 0;
				GCC_PREPROCESSOR_DEFINITIONS = (
					"DEBUG=1",
					"$(inherited)",
				);
				GCC_WARN_64_TO_32_BIT_CONVERSION = YES;
				GCC_WARN_ABOUT_RETURN_TYPE = YES_ERROR;
				GCC_WARN_UNDECLARED_SELECTOR = YES;
				GCC_WARN_UNINITIALIZED_AUTOS = YES_AGGRESSIVE;
				GCC_WARN_UNUSED_FUNCTION = YES;
				GCC_WARN_UNUSED_VARIABLE = YES;
				IPHONEOS_DEPLOYMENT_TARGET = 9.2;
				MTL_ENABLE_DEBUG_INFO = YES;
				ONLY_ACTIVE_ARCH = YES;
				SDKROOT = iphoneos;
				SWIFT_OPTIMIZATION_LEVEL = "-Onone";
				TARGETED_DEVICE_FAMILY = "1,2";
			};
			name = Debug;
		};
		1F3BA1BA1C24B91800F05128 /* Release */ = {
			isa = XCBuildConfiguration;
			buildSettings = {
				ALWAYS_SEARCH_USER_PATHS = NO;
				CLANG_CXX_LANGUAGE_STANDARD = "gnu++0x";
				CLANG_CXX_LIBRARY = "libc++";
				CLANG_ENABLE_MODULES = YES;
				CLANG_ENABLE_OBJC_ARC = YES;
				CLANG_WARN_BOOL_CONVERSION = YES;
				CLANG_WARN_CONSTANT_CONVERSION = YES;
				CLANG_WARN_DIRECT_OBJC_ISA_USAGE = YES_ERROR;
				CLANG_WARN_EMPTY_BODY = YES;
				CLANG_WARN_ENUM_CONVERSION = YES;
				CLANG_WARN_INT_CONVERSION = YES;
				CLANG_WARN_OBJC_ROOT_CLASS = YES_ERROR;
				CLANG_WARN_UNREACHABLE_CODE = YES;
				CLANG_WARN__DUPLICATE_METHOD_MATCH = YES;
				"CODE_SIGN_IDENTITY[sdk=iphoneos*]" = "iPhone Developer";
				COPY_PHASE_STRIP = NO;
				DEBUG_INFORMATION_FORMAT = "dwarf-with-dsym";
				ENABLE_NS_ASSERTIONS = NO;
				ENABLE_STRICT_OBJC_MSGSEND = YES;
				GCC_C_LANGUAGE_STANDARD = gnu99;
				GCC_NO_COMMON_BLOCKS = YES;
				GCC_WARN_64_TO_32_BIT_CONVERSION = YES;
				GCC_WARN_ABOUT_RETURN_TYPE = YES_ERROR;
				GCC_WARN_UNDECLARED_SELECTOR = YES;
				GCC_WARN_UNINITIALIZED_AUTOS = YES_AGGRESSIVE;
				GCC_WARN_UNUSED_FUNCTION = YES;
				GCC_WARN_UNUSED_VARIABLE = YES;
				IPHONEOS_DEPLOYMENT_TARGET = 9.2;
				MTL_ENABLE_DEBUG_INFO = NO;
				SDKROOT = iphoneos;
				TARGETED_DEVICE_FAMILY = "1,2";
				VALIDATE_PRODUCT = YES;
			};
			name = Release;
		};
		1F3BA1BC1C24B91800F05128 /* Debug */ = {
			isa = XCBuildConfiguration;
			buildSettings = {
				ASSETCATALOG_COMPILER_APPICON_NAME = AppIcon;
				INFOPLIST_FILE = "FEQRScanViewController-Demo/Info.plist";
				LD_RUNPATH_SEARCH_PATHS = "$(inherited) @executable_path/Frameworks";
				PRODUCT_BUNDLE_IDENTIFIER = "com.fabianehlert.FEQRScanViewController-Demo";
				PRODUCT_NAME = "$(TARGET_NAME)";
			};
			name = Debug;
		};
		1F3BA1BD1C24B91800F05128 /* Release */ = {
			isa = XCBuildConfiguration;
			buildSettings = {
				ASSETCATALOG_COMPILER_APPICON_NAME = AppIcon;
				INFOPLIST_FILE = "FEQRScanViewController-Demo/Info.plist";
				LD_RUNPATH_SEARCH_PATHS = "$(inherited) @executable_path/Frameworks";
				PRODUCT_BUNDLE_IDENTIFIER = "com.fabianehlert.FEQRScanViewController-Demo";
				PRODUCT_NAME = "$(TARGET_NAME)";
			};
			name = Release;
		};
/* End XCBuildConfiguration section */

/* Begin XCConfigurationList section */
		1F3BA1A41C24B91800F05128 /* Build configuration list for PBXProject "FEQRScanViewController-Demo" */ = {
			isa = XCConfigurationList;
			buildConfigurations = (
				1F3BA1B91C24B91800F05128 /* Debug */,
				1F3BA1BA1C24B91800F05128 /* Release */,
			);
			defaultConfigurationIsVisible = 0;
			defaultConfigurationName = Release;
		};
		1F3BA1BB1C24B91800F05128 /* Build configuration list for PBXNativeTarget "FEQRScanViewController-Demo" */ = {
			isa = XCConfigurationList;
			buildConfigurations = (
				1F3BA1BC1C24B91800F05128 /* Debug */,
				1F3BA1BD1C24B91800F05128 /* Release */,
			);
			defaultConfigurationIsVisible = 0;
			defaultConfigurationName = Release;
		};
/* End XCConfigurationList section */
	};
	rootObject = 1F3BA1A11C24B91800F05128 /* Project object */;
}
